
Microsoft Visual Studio Solution File, Format Version 12.00
# Visual Studio 15
Project("{2150E333-8FDC-42A3-9474-1A3956D46DE8}") = "src", "src", "{A61CB8D5-9494-4A35-AB3E-5CCD77016C34}"
EndProject
Project("{FAE04EC0-301F-11D3-BF4B-00C04F79EFBC}") = "ovh", "src\ovh\ovh.csproj", "{3550418B-DC9C-42F8-88FA-38719ED6C85F}"
EndProject
Global
	GlobalSection(SolutionConfigurationPlatforms) = preSolution
		Debug|Any CPU = Debug|Any CPU
		Release|Any CPU = Release|Any CPU
	EndGlobalSection
	GlobalSection(ProjectConfigurationPlatforms) = postSolution
		{3550418B-DC9C-42F8-88FA-38719ED6C85F}.Debug|Any CPU.ActiveCfg = Debug|Any CPU
		{3550418B-DC9C-42F8-88FA-38719ED6C85F}.Debug|Any CPU.Build.0 = Debug|Any CPU
		{3550418B-DC9C-42F8-88FA-38719ED6C85F}.Release|Any CPU.ActiveCfg = Release|Any CPU
		{3550418B-DC9C-42F8-88FA-38719ED6C85F}.Release|Any CPU.Build.0 = Release|Any CPU
	EndGlobalSection
	GlobalSection(NestedProjects) = preSolution
		{3550418B-DC9C-42F8-88FA-38719ED6C85F} = {A61CB8D5-9494-4A35-AB3E-5CCD77016C34}
	EndGlobalSection
EndGlobal
